// !$*UTF8*$!
{
	archiveVersion = 1;
	classes = {
	};
	objectVersion = 48;
	objects = {

/* Begin PBXBuildFile section */
		76615B031FDE4ACE004AE786 /* AppDelegate.swift in Sources */ = {isa = PBXBuildFile; fileRef = 76615B021FDE4ACE004AE786 /* AppDelegate.swift */; };
		76615B051FDE4ACE004AE786 /* OnboardingViewController.swift in Sources */ = {isa = PBXBuildFile; fileRef = 76615B041FDE4ACE004AE786 /* OnboardingViewController.swift */; };
		76615B0A1FDE4ACE004AE786 /* Assets.xcassets in Resources */ = {isa = PBXBuildFile; fileRef = 76615B091FDE4ACE004AE786 /* Assets.xcassets */; };
		76615B0D1FDE4ACE004AE786 /* LaunchScreen.storyboard in Resources */ = {isa = PBXBuildFile; fileRef = 76615B0B1FDE4ACE004AE786 /* LaunchScreen.storyboard */; };
		76615B2B1FDE5120004AE786 /* SnapKit.framework in Frameworks */ = {isa = PBXBuildFile; fileRef = 76615B251FDE5120004AE786 /* SnapKit.framework */; };
		76615B2D1FDE5120004AE786 /* RxCocoa.framework in Frameworks */ = {isa = PBXBuildFile; fileRef = 76615B271FDE5120004AE786 /* RxCocoa.framework */; };
		76615B301FDE5120004AE786 /* RxSwift.framework in Frameworks */ = {isa = PBXBuildFile; fileRef = 76615B2A1FDE5120004AE786 /* RxSwift.framework */; };
		76615B321FDE55EB004AE786 /* RxTest.framework in Frameworks */ = {isa = PBXBuildFile; fileRef = 76615B291FDE5120004AE786 /* RxTest.framework */; };
		76615B331FDE55F0004AE786 /* Nimble.framework in Frameworks */ = {isa = PBXBuildFile; fileRef = 76615B231FDE5114004AE786 /* Nimble.framework */; };
		76615B341FDE55F4004AE786 /* RxBlocking.framework in Frameworks */ = {isa = PBXBuildFile; fileRef = 76615B281FDE5120004AE786 /* RxBlocking.framework */; };
		76615B351FDE55FE004AE786 /* Quick.framework in Frameworks */ = {isa = PBXBuildFile; fileRef = 76615B261FDE5120004AE786 /* Quick.framework */; };
		76615B371FDE5670004AE786 /* OnboardingTestTests.swift in Sources */ = {isa = PBXBuildFile; fileRef = 76615B361FDE5670004AE786 /* OnboardingTestTests.swift */; };
		76F50E2E1FDE5CF9003F99BE /* OnboardingPageViewController.swift in Sources */ = {isa = PBXBuildFile; fileRef = 76F50E2D1FDE5CF9003F99BE /* OnboardingPageViewController.swift */; };
		76F50E301FDE5E6E003F99BE /* OnboardingContentViewController.swift in Sources */ = {isa = PBXBuildFile; fileRef = 76F50E2F1FDE5E6E003F99BE /* OnboardingContentViewController.swift */; };
/* End PBXBuildFile section */

/* Begin PBXContainerItemProxy section */
		76615B141FDE4ACE004AE786 /* PBXContainerItemProxy */ = {
			isa = PBXContainerItemProxy;
			containerPortal = 76615AF71FDE4ACE004AE786 /* Project object */;
			proxyType = 1;
			remoteGlobalIDString = 76615AFE1FDE4ACE004AE786;
			remoteInfo = OnboardingTest;
		};
/* End PBXContainerItemProxy section */

/* Begin PBXFileReference section */
		76615AFF1FDE4ACE004AE786 /* OnboardingTest.app */ = {isa = PBXFileReference; explicitFileType = wrapper.application; includeInIndex = 0; path = OnboardingTest.app; sourceTree = BUILT_PRODUCTS_DIR; };
		76615B021FDE4ACE004AE786 /* AppDelegate.swift */ = {isa = PBXFileReference; lastKnownFileType = sourcecode.swift; path = AppDelegate.swift; sourceTree = "<group>"; };
		76615B041FDE4ACE004AE786 /* OnboardingViewController.swift */ = {isa = PBXFileReference; lastKnownFileType = sourcecode.swift; path = OnboardingViewController.swift; sourceTree = "<group>"; };
		76615B091FDE4ACE004AE786 /* Assets.xcassets */ = {isa = PBXFileReference; lastKnownFileType = folder.assetcatalog; path = Assets.xcassets; sourceTree = "<group>"; };
		76615B0C1FDE4ACE004AE786 /* Base */ = {isa = PBXFileReference; lastKnownFileType = file.storyboard; name = Base; path = Base.lproj/LaunchScreen.storyboard; sourceTree = "<group>"; };
		76615B0E1FDE4ACE004AE786 /* Info.plist */ = {isa = PBXFileReference; lastKnownFileType = text.plist.xml; path = Info.plist; sourceTree = "<group>"; };
		76615B131FDE4ACE004AE786 /* OnboardingTestTests.xctest */ = {isa = PBXFileReference; explicitFileType = wrapper.cfbundle; includeInIndex = 0; path = OnboardingTestTests.xctest; sourceTree = BUILT_PRODUCTS_DIR; };
		76615B191FDE4ACE004AE786 /* Info.plist */ = {isa = PBXFileReference; lastKnownFileType = text.plist.xml; path = Info.plist; sourceTree = "<group>"; };
		76615B231FDE5114004AE786 /* Nimble.framework */ = {isa = PBXFileReference; lastKnownFileType = wrapper.framework; name = Nimble.framework; path = Carthage/Build/iOS/Nimble.framework; sourceTree = "<group>"; };
		76615B251FDE5120004AE786 /* SnapKit.framework */ = {isa = PBXFileReference; lastKnownFileType = wrapper.framework; name = SnapKit.framework; path = Carthage/Build/iOS/SnapKit.framework; sourceTree = "<group>"; };
		76615B261FDE5120004AE786 /* Quick.framework */ = {isa = PBXFileReference; lastKnownFileType = wrapper.framework; name = Quick.framework; path = Carthage/Build/iOS/Quick.framework; sourceTree = "<group>"; };
		76615B271FDE5120004AE786 /* RxCocoa.framework */ = {isa = PBXFileReference; lastKnownFileType = wrapper.framework; name = RxCocoa.framework; path = Carthage/Build/iOS/RxCocoa.framework; sourceTree = "<group>"; };
		76615B281FDE5120004AE786 /* RxBlocking.framework */ = {isa = PBXFileReference; lastKnownFileType = wrapper.framework; name = RxBlocking.framework; path = Carthage/Build/iOS/RxBlocking.framework; sourceTree = "<group>"; };
		76615B291FDE5120004AE786 /* RxTest.framework */ = {isa = PBXFileReference; lastKnownFileType = wrapper.framework; name = RxTest.framework; path = Carthage/Build/iOS/RxTest.framework; sourceTree = "<group>"; };
		76615B2A1FDE5120004AE786 /* RxSwift.framework */ = {isa = PBXFileReference; lastKnownFileType = wrapper.framework; name = RxSwift.framework; path = Carthage/Build/iOS/RxSwift.framework; sourceTree = "<group>"; };
		76615B361FDE5670004AE786 /* OnboardingTestTests.swift */ = {isa = PBXFileReference; lastKnownFileType = sourcecode.swift; path = OnboardingTestTests.swift; sourceTree = "<group>"; };
		76F50E2D1FDE5CF9003F99BE /* OnboardingPageViewController.swift */ = {isa = PBXFileReference; lastKnownFileType = sourcecode.swift; path = OnboardingPageViewController.swift; sourceTree = "<group>"; };
		76F50E2F1FDE5E6E003F99BE /* OnboardingContentViewController.swift */ = {isa = PBXFileReference; lastKnownFileType = sourcecode.swift; path = OnboardingContentViewController.swift; sourceTree = "<group>"; };
/* End PBXFileReference section */

/* Begin PBXFrameworksBuildPhase section */
		76615AFC1FDE4ACE004AE786 /* Frameworks */ = {
			isa = PBXFrameworksBuildPhase;
			buildActionMask = 2147483647;
			files = (
				76615B2B1FDE5120004AE786 /* SnapKit.framework in Frameworks */,
				76615B2D1FDE5120004AE786 /* RxCocoa.framework in Frameworks */,
				76615B301FDE5120004AE786 /* RxSwift.framework in Frameworks */,
			);
			runOnlyForDeploymentPostprocessing = 0;
		};
		76615B101FDE4ACE004AE786 /* Frameworks */ = {
			isa = PBXFrameworksBuildPhase;
			buildActionMask = 2147483647;
			files = (
				76615B351FDE55FE004AE786 /* Quick.framework in Frameworks */,
				76615B321FDE55EB004AE786 /* RxTest.framework in Frameworks */,
				76615B331FDE55F0004AE786 /* Nimble.framework in Frameworks */,
				76615B341FDE55F4004AE786 /* RxBlocking.framework in Frameworks */,
			);
			runOnlyForDeploymentPostprocessing = 0;
		};
/* End PBXFrameworksBuildPhase section */

/* Begin PBXGroup section */
		76615AF61FDE4ACE004AE786 = {
			isa = PBXGroup;
			children = (
				76615B011FDE4ACE004AE786 /* OnboardingTest */,
				76615B161FDE4ACE004AE786 /* OnboardingTestTests */,
				76615B001FDE4ACE004AE786 /* Products */,
				76615B221FDE5114004AE786 /* Frameworks */,
			);
			sourceTree = "<group>";
		};
		76615B001FDE4ACE004AE786 /* Products */ = {
			isa = PBXGroup;
			children = (
				76615AFF1FDE4ACE004AE786 /* OnboardingTest.app */,
				76615B131FDE4ACE004AE786 /* OnboardingTestTests.xctest */,
			);
			name = Products;
			sourceTree = "<group>";
		};
		76615B011FDE4ACE004AE786 /* OnboardingTest */ = {
			isa = PBXGroup;
			children = (
				76615B021FDE4ACE004AE786 /* AppDelegate.swift */,
				76615B041FDE4ACE004AE786 /* OnboardingViewController.swift */,
				76F50E2D1FDE5CF9003F99BE /* OnboardingPageViewController.swift */,
				76F50E2F1FDE5E6E003F99BE /* OnboardingContentViewController.swift */,
				76615B091FDE4ACE004AE786 /* Assets.xcassets */,
				76615B0B1FDE4ACE004AE786 /* LaunchScreen.storyboard */,
				76615B0E1FDE4ACE004AE786 /* Info.plist */,
			);
			path = OnboardingTest;
			sourceTree = "<group>";
		};
		76615B161FDE4ACE004AE786 /* OnboardingTestTests */ = {
			isa = PBXGroup;
			children = (
				76615B361FDE5670004AE786 /* OnboardingTestTests.swift */,
				76615B191FDE4ACE004AE786 /* Info.plist */,
			);
			path = OnboardingTestTests;
			sourceTree = "<group>";
		};
		76615B221FDE5114004AE786 /* Frameworks */ = {
			isa = PBXGroup;
			children = (
				76615B261FDE5120004AE786 /* Quick.framework */,
				76615B281FDE5120004AE786 /* RxBlocking.framework */,
				76615B271FDE5120004AE786 /* RxCocoa.framework */,
				76615B2A1FDE5120004AE786 /* RxSwift.framework */,
				76615B291FDE5120004AE786 /* RxTest.framework */,
				76615B251FDE5120004AE786 /* SnapKit.framework */,
				76615B231FDE5114004AE786 /* Nimble.framework */,
			);
			name = Frameworks;
			sourceTree = "<group>";
		};
/* End PBXGroup section */

/* Begin PBXNativeTarget section */
		76615AFE1FDE4ACE004AE786 /* OnboardingTest */ = {
			isa = PBXNativeTarget;
			buildConfigurationList = 76615B1C1FDE4ACE004AE786 /* Build configuration list for PBXNativeTarget "OnboardingTest" */;
			buildPhases = (
				76615AFB1FDE4ACE004AE786 /* Sources */,
				76615AFC1FDE4ACE004AE786 /* Frameworks */,
				76615AFD1FDE4ACE004AE786 /* Resources */,
				76615B311FDE5152004AE786 /* Carthage */,
			);
			buildRules = (
			);
			dependencies = (
			);
			name = OnboardingTest;
			productName = OnboardingTest;
			productReference = 76615AFF1FDE4ACE004AE786 /* OnboardingTest.app */;
			productType = "com.apple.product-type.application";
		};
		76615B121FDE4ACE004AE786 /* OnboardingTestTests */ = {
			isa = PBXNativeTarget;
			buildConfigurationList = 76615B1F1FDE4ACE004AE786 /* Build configuration list for PBXNativeTarget "OnboardingTestTests" */;
			buildPhases = (
				76615B0F1FDE4ACE004AE786 /* Sources */,
				76615B101FDE4ACE004AE786 /* Frameworks */,
				76615B111FDE4ACE004AE786 /* Resources */,
			);
			buildRules = (
			);
			dependencies = (
				76615B151FDE4ACE004AE786 /* PBXTargetDependency */,
			);
			name = OnboardingTestTests;
			productName = OnboardingTestTests;
			productReference = 76615B131FDE4ACE004AE786 /* OnboardingTestTests.xctest */;
			productType = "com.apple.product-type.bundle.unit-test";
		};
/* End PBXNativeTarget section */

/* Begin PBXProject section */
		76615AF71FDE4ACE004AE786 /* Project object */ = {
			isa = PBXProject;
			attributes = {
				LastSwiftUpdateCheck = 0920;
				LastUpgradeCheck = 0920;
				ORGANIZATIONNAME = daymein;
				TargetAttributes = {
					76615AFE1FDE4ACE004AE786 = {
						CreatedOnToolsVersion = 9.2;
						ProvisioningStyle = Automatic;
					};
					76615B121FDE4ACE004AE786 = {
						CreatedOnToolsVersion = 9.2;
						LastSwiftMigration = 0920;
						ProvisioningStyle = Automatic;
						TestTargetID = 76615AFE1FDE4ACE004AE786;
					};
				};
			};
			buildConfigurationList = 76615AFA1FDE4ACE004AE786 /* Build configuration list for PBXProject "OnboardingTest" */;
			compatibilityVersion = "Xcode 8.0";
			developmentRegion = en;
			hasScannedForEncodings = 0;
			knownRegions = (
				en,
				Base,
			);
			mainGroup = 76615AF61FDE4ACE004AE786;
			productRefGroup = 76615B001FDE4ACE004AE786 /* Products */;
			projectDirPath = "";
			projectRoot = "";
			targets = (
				76615AFE1FDE4ACE004AE786 /* OnboardingTest */,
				76615B121FDE4ACE004AE786 /* OnboardingTestTests */,
			);
		};
/* End PBXProject section */

/* Begin PBXResourcesBuildPhase section */
		76615AFD1FDE4ACE004AE786 /* Resources */ = {
			isa = PBXResourcesBuildPhase;
			buildActionMask = 2147483647;
			files = (
				76615B0D1FDE4ACE004AE786 /* LaunchScreen.storyboard in Resources */,
				76615B0A1FDE4ACE004AE786 /* Assets.xcassets in Resources */,
			);
			runOnlyForDeploymentPostprocessing = 0;
		};
		76615B111FDE4ACE004AE786 /* Resources */ = {
			isa = PBXResourcesBuildPhase;
			buildActionMask = 2147483647;
			files = (
			);
			runOnlyForDeploymentPostprocessing = 0;
		};
/* End PBXResourcesBuildPhase section */

/* Begin PBXShellScriptBuildPhase section */
		76615B311FDE5152004AE786 /* Carthage */ = {
			isa = PBXShellScriptBuildPhase;
			buildActionMask = 2147483647;
			files = (
			);
			inputPaths = (
				"$(SRCROOT)/Carthage/Build/iOS/RxCocoa.framework",
				"$(SRCROOT)/Carthage/Build/iOS/RxSwift.framework",
				"$(SRCROOT)/Carthage/Build/iOS/SnapKit.framework",
			);
			name = Carthage;
			outputPaths = (
				"$(BUILT_PRODUCTS_DIR)/$(FRAMEWORKS_FOLDER_PATH)/RxCocoa.framework",
				"$(BUILT_PRODUCTS_DIR)/$(FRAMEWORKS_FOLDER_PATH)/RxSwift.framework",
				"$(BUILT_PRODUCTS_DIR)/$(FRAMEWORKS_FOLDER_PATH)/SnapKit.framework",
			);
			runOnlyForDeploymentPostprocessing = 0;
			shellPath = /bin/sh;
			shellScript = "/usr/local/bin/carthage copy-frameworks";
		};
/* End PBXShellScriptBuildPhase section */

/* Begin PBXSourcesBuildPhase section */
		76615AFB1FDE4ACE004AE786 /* Sources */ = {
			isa = PBXSourcesBuildPhase;
			buildActionMask = 2147483647;
			files = (
				76615B051FDE4ACE004AE786 /* OnboardingViewController.swift in Sources */,
				76F50E301FDE5E6E003F99BE /* OnboardingContentViewController.swift in Sources */,
				76F50E2E1FDE5CF9003F99BE /* OnboardingPageViewController.swift in Sources */,
				76615B031FDE4ACE004AE786 /* AppDelegate.swift in Sources */,
			);
			runOnlyForDeploymentPostprocessing = 0;
		};
		76615B0F1FDE4ACE004AE786 /* Sources */ = {
			isa = PBXSourcesBuildPhase;
			buildActionMask = 2147483647;
			files = (
				76615B371FDE5670004AE786 /* OnboardingTestTests.swift in Sources */,
			);
			runOnlyForDeploymentPostprocessing = 0;
		};
/* End PBXSourcesBuildPhase section */

/* Begin PBXTargetDependency section */
		76615B151FDE4ACE004AE786 /* PBXTargetDependency */ = {
			isa = PBXTargetDependency;
			target = 76615AFE1FDE4ACE004AE786 /* OnboardingTest */;
			targetProxy = 76615B141FDE4ACE004AE786 /* PBXContainerItemProxy */;
		};
/* End PBXTargetDependency section */

/* Begin PBXVariantGroup section */
		76615B0B1FDE4ACE004AE786 /* LaunchScreen.storyboard */ = {
			isa = PBXVariantGroup;
			children = (
				76615B0C1FDE4ACE004AE786 /* Base */,
			);
			name = LaunchScreen.storyboard;
			sourceTree = "<group>";
		};
/* End PBXVariantGroup section */

/* Begin XCBuildConfiguration section */
		76615B1A1FDE4ACE004AE786 /* Debug */ = {
			isa = XCBuildConfiguration;
			buildSettings = {
				ALWAYS_SEARCH_USER_PATHS = NO;
				CLANG_ANALYZER_NONNULL = YES;
				CLANG_ANALYZER_NUMBER_OBJECT_CONVERSION = YES_AGGRESSIVE;
				CLANG_CXX_LANGUAGE_STANDARD = "gnu++14";
				CLANG_CXX_LIBRARY = "libc++";
				CLANG_ENABLE_MODULES = YES;
				CLANG_ENABLE_OBJC_ARC = YES;
				CLANG_WARN_BLOCK_CAPTURE_AUTORELEASING = YES;
				CLANG_WARN_BOOL_CONVERSION = YES;
				CLANG_WARN_COMMA = YES;
				CLANG_WARN_CONSTANT_CONVERSION = YES;
				CLANG_WARN_DIRECT_OBJC_ISA_USAGE = YES_ERROR;
				CLANG_WARN_DOCUMENTATION_COMMENTS = YES;
				CLANG_WARN_EMPTY_BODY = YES;
				CLANG_WARN_ENUM_CONVERSION = YES;
				CLANG_WARN_INFINITE_RECURSION = YES;
				CLANG_WARN_INT_CONVERSION = YES;
				CLANG_WARN_NON_LITERAL_NULL_CONVERSION = YES;
				CLANG_WARN_OBJC_LITERAL_CONVERSION = YES;
				CLANG_WARN_OBJC_ROOT_CLASS = YES_ERROR;
				CLANG_WARN_RANGE_LOOP_ANALYSIS = YES;
				CLANG_WARN_STRICT_PROTOTYPES = YES;
				CLANG_WARN_SUSPICIOUS_MOVE = YES;
				CLANG_WARN_UNGUARDED_AVAILABILITY = YES_AGGRESSIVE;
				CLANG_WARN_UNREACHABLE_CODE = YES;
				CLANG_WARN__DUPLICATE_METHOD_MATCH = YES;
				CODE_SIGN_IDENTITY = "iPhone Developer";
				COPY_PHASE_STRIP = NO;
				DEBUG_INFORMATION_FORMAT = dwarf;
				ENABLE_STRICT_OBJC_MSGSEND = YES;
				ENABLE_TESTABILITY = YES;
				GCC_C_LANGUAGE_STANDARD = gnu11;
				GCC_DYNAMIC_NO_PIC = NO;
				GCC_NO_COMMON_BLOCKS = YES;
				GCC_OPTIMIZATION_LEVEL = 0;
				GCC_PREPROCESSOR_DEFINITIONS = (
					"DEBUG=1",
					"$(inherited)",
				);
				GCC_WARN_64_TO_32_BIT_CONVERSION = YES;
				GCC_WARN_ABOUT_RETURN_TYPE = YES_ERROR;
				GCC_WARN_UNDECLARED_SELECTOR = YES;
				GCC_WARN_UNINITIALIZED_AUTOS = YES_AGGRESSIVE;
				GCC_WARN_UNUSED_FUNCTION = YES;
				GCC_WARN_UNUSED_VARIABLE = YES;
				IPHONEOS_DEPLOYMENT_TARGET = 10.0;
				MTL_ENABLE_DEBUG_INFO = YES;
				ONLY_ACTIVE_ARCH = YES;
				SDKROOT = iphoneos;
				SWIFT_ACTIVE_COMPILATION_CONDITIONS = DEBUG;
				SWIFT_OPTIMIZATION_LEVEL = "-Onone";
			};
			name = Debug;
		};
		76615B1B1FDE4ACE004AE786 /* Release */ = {
			isa = XCBuildConfiguration;
			buildSettings = {
				ALWAYS_SEARCH_USER_PATHS = NO;
				CLANG_ANALYZER_NONNULL = YES;
				CLANG_ANALYZER_NUMBER_OBJECT_CONVERSION = YES_AGGRESSIVE;
				CLANG_CXX_LANGUAGE_STANDARD = "gnu++14";
				CLANG_CXX_LIBRARY = "libc++";
				CLANG_ENABLE_MODULES = YES;
				CLANG_ENABLE_OBJC_ARC = YES;
				CLANG_WARN_BLOCK_CAPTURE_AUTORELEASING = YES;
				CLANG_WARN_BOOL_CONVERSION = YES;
				CLANG_WARN_COMMA = YES;
				CLANG_WARN_CONSTANT_CONVERSION = YES;
				CLANG_WARN_DIRECT_OBJC_ISA_USAGE = YES_ERROR;
				CLANG_WARN_DOCUMENTATION_COMMENTS = YES;
				CLANG_WARN_EMPTY_BODY = YES;
				CLANG_WARN_ENUM_CONVERSION = YES;
				CLANG_WARN_INFINITE_RECURSION = YES;
				CLANG_WARN_INT_CONVERSION = YES;
				CLANG_WARN_NON_LITERAL_NULL_CONVERSION = YES;
				CLANG_WARN_OBJC_LITERAL_CONVERSION = YES;
				CLANG_WARN_OBJC_ROOT_CLASS = YES_ERROR;
				CLANG_WARN_RANGE_LOOP_ANALYSIS = YES;
				CLANG_WARN_STRICT_PROTOTYPES = YES;
				CLANG_WARN_SUSPICIOUS_MOVE = YES;
				CLANG_WARN_UNGUARDED_AVAILABILITY = YES_AGGRESSIVE;
				CLANG_WARN_UNREACHABLE_CODE = YES;
				CLANG_WARN__DUPLICATE_METHOD_MATCH = YES;
				CODE_SIGN_IDENTITY = "iPhone Developer";
				COPY_PHASE_STRIP = NO;
				DEBUG_INFORMATION_FORMAT = "dwarf-with-dsym";
				ENABLE_NS_ASSERTIONS = NO;
				ENABLE_STRICT_OBJC_MSGSEND = YES;
				GCC_C_LANGUAGE_STANDARD = gnu11;
				GCC_NO_COMMON_BLOCKS = YES;
				GCC_WARN_64_TO_32_BIT_CONVERSION = YES;
				GCC_WARN_ABOUT_RETURN_TYPE = YES_ERROR;
				GCC_WARN_UNDECLARED_SELECTOR = YES;
				GCC_WARN_UNINITIALIZED_AUTOS = YES_AGGRESSIVE;
				GCC_WARN_UNUSED_FUNCTION = YES;
				GCC_WARN_UNUSED_VARIABLE = YES;
				IPHONEOS_DEPLOYMENT_TARGET = 10.0;
				MTL_ENABLE_DEBUG_INFO = NO;
				SDKROOT = iphoneos;
				SWIFT_OPTIMIZATION_LEVEL = "-Owholemodule";
				VALIDATE_PRODUCT = YES;
			};
			name = Release;
		};
		76615B1D1FDE4ACE004AE786 /* Debug */ = {
			isa = XCBuildConfiguration;
			buildSettings = {
				ASSETCATALOG_COMPILER_APPICON_NAME = AppIcon;
				CODE_SIGN_STYLE = Automatic;
				FRAMEWORK_SEARCH_PATHS = (
					"$(inherited)",
					"$(PROJECT_DIR)/Carthage/Build/iOS",
				);
				INFOPLIST_FILE = OnboardingTest/Info.plist;
				LD_RUNPATH_SEARCH_PATHS = "$(inherited) @executable_path/Frameworks";
				PRODUCT_BUNDLE_IDENTIFIER = com.DaymeinGregorio.OnboardingTest;
				PRODUCT_NAME = "$(TARGET_NAME)";
				SWIFT_VERSION = 4.0;
				TARGETED_DEVICE_FAMILY = "1,2";
			};
			name = Debug;
		};
		76615B1E1FDE4ACE004AE786 /* Release */ = {
			isa = XCBuildConfiguration;
			buildSettings = {
				ASSETCATALOG_COMPILER_APPICON_NAME = AppIcon;
				CODE_SIGN_STYLE = Automatic;
				FRAMEWORK_SEARCH_PATHS = (
					"$(inherited)",
					"$(PROJECT_DIR)/Carthage/Build/iOS",
				);
				INFOPLIST_FILE = OnboardingTest/Info.plist;
				LD_RUNPATH_SEARCH_PATHS = "$(inherited) @executable_path/Frameworks";
				PRODUCT_BUNDLE_IDENTIFIER = com.DaymeinGregorio.OnboardingTest;
				PRODUCT_NAME = "$(TARGET_NAME)";
				SWIFT_VERSION = 4.0;
				TARGETED_DEVICE_FAMILY = "1,2";
			};
			name = Release;
		};
		76615B201FDE4ACE004AE786 /* Debug */ = {
			isa = XCBuildConfiguration;
			buildSettings = {
				ALWAYS_EMBED_SWIFT_STANDARD_LIBRARIES = YES;
				BUNDLE_LOADER = "$(TEST_HOST)";
				CLANG_ENABLE_MODULES = YES;
				CODE_SIGN_STYLE = Automatic;
				FRAMEWORK_SEARCH_PATHS = (
					"$(inherited)",
					"$(PROJECT_DIR)/Carthage/Build/iOS",
				);
				INFOPLIST_FILE = OnboardingTestTests/Info.plist;
				LD_RUNPATH_SEARCH_PATHS = "$(inherited) @executable_path/Frameworks @loader_path/Frameworks";
				PRODUCT_BUNDLE_IDENTIFIER = com.DaymeinGregorio.OnboardingTestTests;
				PRODUCT_NAME = "$(TARGET_NAME)";
				SWIFT_OPTIMIZATION_LEVEL = "-Onone";
				SWIFT_VERSION = 4.0;
				TARGETED_DEVICE_FAMILY = "1,2";
				TEST_HOST = "$(BUILT_PRODUCTS_DIR)/OnboardingTest.app/OnboardingTest";
			};
			name = Debug;
		};
		76615B211FDE4ACE004AE786 /* Release */ = {
			isa = XCBuildConfiguration;
			buildSettings = {
				ALWAYS_EMBED_SWIFT_STANDARD_LIBRARIES = YES;
				BUNDLE_LOADER = "$(TEST_HOST)";
				CLANG_ENABLE_MODULES = YES;
				CODE_SIGN_STYLE = Automatic;
				FRAMEWORK_SEARCH_PATHS = (
					"$(inherited)",
					"$(PROJECT_DIR)/Carthage/Build/iOS",
				);
				INFOPLIST_FILE = OnboardingTestTests/Info.plist;
				LD_RUNPATH_SEARCH_PATHS = "$(inherited) @executable_path/Frameworks @loader_path/Frameworks";
				PRODUCT_BUNDLE_IDENTIFIER = com.DaymeinGregorio.OnboardingTestTests;
				PRODUCT_NAME = "$(TARGET_NAME)";
				SWIFT_VERSION = 4.0;
				TARGETED_DEVICE_FAMILY = "1,2";
				TEST_HOST = "$(BUILT_PRODUCTS_DIR)/OnboardingTest.app/OnboardingTest";
			};
			name = Release;
		};
/* End XCBuildConfiguration section */

/* Begin XCConfigurationList section */
		76615AFA1FDE4ACE004AE786 /* Build configuration list for PBXProject "OnboardingTest" */ = {
			isa = XCConfigurationList;
			buildConfigurations = (
				76615B1A1FDE4ACE004AE786 /* Debug */,
				76615B1B1FDE4ACE004AE786 /* Release */,
			);
			defaultConfigurationIsVisible = 0;
			defaultConfigurationName = Release;
		};
		76615B1C1FDE4ACE004AE786 /* Build configuration list for PBXNativeTarget "OnboardingTest" */ = {
			isa = XCConfigurationList;
			buildConfigurations = (
				76615B1D1FDE4ACE004AE786 /* Debug */,
				76615B1E1FDE4ACE004AE786 /* Release */,
			);
			defaultConfigurationIsVisible = 0;
			defaultConfigurationName = Release;
		};
		76615B1F1FDE4ACE004AE786 /* Build configuration list for PBXNativeTarget "OnboardingTestTests" */ = {
			isa = XCConfigurationList;
			buildConfigurations = (
				76615B201FDE4ACE004AE786 /* Debug */,
				76615B211FDE4ACE004AE786 /* Release */,
			);
			defaultConfigurationIsVisible = 0;
			defaultConfigurationName = Release;
		};
/* End XCConfigurationList section */
	};
	rootObject = 76615AF71FDE4ACE004AE786 /* Project object */;
}
